{
  "nodes": {
    "homeManager": {
      "inputs": {
        "nixpkgs": [
          "nixpkgs"
        ]
      },
      "locked": {
        "lastModified": 1648076917,
        "narHash": "sha256-pY8Y+6qT+nDEdDSU9Q1hzUbzgWP0bxFw1qjNx1fdGnw=",
        "owner": "nix-community",
        "repo": "home-manager",
        "rev": "9970d23218d2215fb7e6e2cb74a3533e2b8863ad",
        "type": "github"
      },
      "original": {
        "owner": "nix-community",
        "repo": "home-manager",
        "type": "github"
      }
    },
    "nixpkgs": {
      "locked": {
        "lastModified": 1648076312,
        "narHash": "sha256-fhaOerLjgqwfbcoY3lkXCvQd+36U50WVpwgTKSsYzKA=",
        "owner": "NixOS",
        "repo": "nixpkgs",
        "rev": "2808809047136d5ca2f5db91560a0cdee17e519f",
        "type": "github"
      },
      "original": {
        "owner": "NixOS",
        "ref": "release-21.11",
        "repo": "nixpkgs",
        "type": "github"
      }
    },
    "root": {
      "inputs": {
        "homeManager": "homeManager",
        "nixpkgs": "nixpkgs"
      }
    }
  },
  "root": "root",
  "version": 7
}
