{
  "nodes": {
    "homeManager": {
      "inputs": {
        "nixpkgs": [
          "nixpkgs"
        ]
      },
      "locked": {
        "lastModified": 1649130493,
        "narHash": "sha256-tp2UxeS1A5ESb+I/rh4GoD0DH7edOGdc2fsP6D8o27Y=",
        "owner": "nix-community",
        "repo": "home-manager",
        "rev": "07b941f0c45ac4af6732d96f4cb6142824eee3df",
        "type": "github"
      },
      "original": {
        "owner": "nix-community",
        "repo": "home-manager",
        "type": "github"
      }
    },
    "nixpkgs": {
      "locked": {
        "lastModified": 1649283845,
        "narHash": "sha256-upmtyRf/6rAQ63P2Jf5lzn2Esn3c9cv7KRoR05zLZBc=",
        "owner": "NixOS",
        "repo": "nixpkgs",
        "rev": "60f020d822ea80eb9ec40e993434f4446c342f43",
        "type": "github"
      },
      "original": {
        "owner": "NixOS",
        "ref": "release-21.11",
        "repo": "nixpkgs",
        "type": "github"
      }
    },
    "root": {
      "inputs": {
        "homeManager": "homeManager",
        "nixpkgs": "nixpkgs"
      }
    }
  },
  "root": "root",
  "version": 7
}
